
Microsoft Visual Studio Solution File, Format Version 12.00
# Visual Studio Version 17
VisualStudioVersion = 17.8.34330.188
MinimumVisualStudioVersion = 10.0.40219.1
Project("{FAE04EC0-301F-11D3-BF4B-00C04F79EFBC}") = "MLOOP_L3", "MLOOP_L3.csproj", "{32E700B7-1D09-48F0-943F-064D5D54EF97}"
EndProject
Global
	GlobalSection(SolutionConfigurationPlatforms) = preSolution
		Debug|Any CPU = Debug|Any CPU
		Release|Any CPU = Release|Any CPU
	EndGlobalSection
	GlobalSection(ProjectConfigurationPlatforms) = postSolution
		{32E700B7-1D09-48F0-943F-064D5D54EF97}.Debug|Any CPU.ActiveCfg = Debug|Any CPU
		{32E700B7-1D09-48F0-943F-064D5D54EF97}.Debug|Any CPU.Build.0 = Debug|Any CPU
		{32E700B7-1D09-48F0-943F-064D5D54EF97}.Release|Any CPU.ActiveCfg = Release|Any CPU
		{32E700B7-1D09-48F0-943F-064D5D54EF97}.Release|Any CPU.Build.0 = Release|Any CPU
	EndGlobalSection
	GlobalSection(SolutionProperties) = preSolution
		HideSolutionNode = FALSE
	EndGlobalSection
	GlobalSection(ExtensibilityGlobals) = postSolution
		SolutionGuid = {DC51684D-ED2B-464D-B9B7-68FA066E54AB}
	EndGlobalSection
EndGlobal
